
Microsoft Visual Studio Solution File, Format Version 12.00
# Visual Studio 15
Project("{FAE04EC0-301F-11D3-BF4B-00C04F79EFBC}") = "Assembly-CSharp", "Assembly-CSharp.csproj", "{2519EE79-21B4-D841-9DB8-25AE81418535}"
EndProject
Global
	GlobalSection(SolutionConfigurationPlatforms) = preSolution
		Debug|Any CPU = Debug|Any CPU
		Release|Any CPU = Release|Any CPU
	EndGlobalSection
	GlobalSection(ProjectConfigurationPlatforms) = postSolution
		{2519EE79-21B4-D841-9DB8-25AE81418535}.Debug|Any CPU.ActiveCfg = Debug|Any CPU
		{2519EE79-21B4-D841-9DB8-25AE81418535}.Debug|Any CPU.Build.0 = Debug|Any CPU
		{2519EE79-21B4-D841-9DB8-25AE81418535}.Release|Any CPU.ActiveCfg = Release|Any CPU
		{2519EE79-21B4-D841-9DB8-25AE81418535}.Release|Any CPU.Build.0 = Release|Any CPU
	EndGlobalSection
	GlobalSection(SolutionProperties) = preSolution
		HideSolutionNode = FALSE
	EndGlobalSection
EndGlobal
